
Microsoft Visual Studio Solution File, Format Version 12.00
# Visual Studio 15
VisualStudioVersion = 15.0.27703.2035
MinimumVisualStudioVersion = 10.0.40219.1
Project("{FAE04EC0-301F-11D3-BF4B-00C04F79EFBC}") = "XF.MVVMBasic.Android", "XF.MVVMBasic\XF.MVVMBasic.Android\XF.MVVMBasic.Android.csproj", "{FB113E67-BD2D-4FA2-A6E3-F91CE9D28C1B}"
EndProject
Project("{FAE04EC0-301F-11D3-BF4B-00C04F79EFBC}") = "XF.MVVMBasic.iOS", "XF.MVVMBasic\XF.MVVMBasic.iOS\XF.MVVMBasic.iOS.csproj", "{ACF4B3BD-F8F8-46AA-82A4-7903829AD876}"
EndProject
Project("{FAE04EC0-301F-11D3-BF4B-00C04F79EFBC}") = "XF.MVVMBasic", "XF.MVVMBasic\XF.MVVMBasic\XF.MVVMBasic.csproj", "{707A4B50-6B39-4E55-852D-2A96BE8D7C21}"
EndProject
Global
	GlobalSection(SolutionConfigurationPlatforms) = preSolution
		Ad-Hoc|Any CPU = Ad-Hoc|Any CPU
		Ad-Hoc|iPhone = Ad-Hoc|iPhone
		Ad-Hoc|iPhoneSimulator = Ad-Hoc|iPhoneSimulator
		AppStore|Any CPU = AppStore|Any CPU
		AppStore|iPhone = AppStore|iPhone
		AppStore|iPhoneSimulator = AppStore|iPhoneSimulator
		Debug|Any CPU = Debug|Any CPU
		Debug|iPhone = Debug|iPhone
		Debug|iPhoneSimulator = Debug|iPhoneSimulator
		Release|Any CPU = Release|Any CPU
		Release|iPhone = Release|iPhone
		Release|iPhoneSimulator = Release|iPhoneSimulator
	EndGlobalSection
	GlobalSection(ProjectConfigurationPlatforms) = postSolution
		{FB113E67-BD2D-4FA2-A6E3-F91CE9D28C1B}.Ad-Hoc|Any CPU.ActiveCfg = Release|Any CPU
		{FB113E67-BD2D-4FA2-A6E3-F91CE9D28C1B}.Ad-Hoc|Any CPU.Build.0 = Release|Any CPU
		{FB113E67-BD2D-4FA2-A6E3-F91CE9D28C1B}.Ad-Hoc|Any CPU.Deploy.0 = Release|Any CPU
		{FB113E67-BD2D-4FA2-A6E3-F91CE9D28C1B}.Ad-Hoc|iPhone.ActiveCfg = Release|Any CPU
		{FB113E67-BD2D-4FA2-A6E3-F91CE9D28C1B}.Ad-Hoc|iPhone.Build.0 = Release|Any CPU
		{FB113E67-BD2D-4FA2-A6E3-F91CE9D28C1B}.Ad-Hoc|iPhone.Deploy.0 = Release|Any CPU
		{FB113E67-BD2D-4FA2-A6E3-F91CE9D28C1B}.Ad-Hoc|iPhoneSimulator.ActiveCfg = Release|Any CPU
		{FB113E67-BD2D-4FA2-A6E3-F91CE9D28C1B}.Ad-Hoc|iPhoneSimulator.Build.0 = Release|Any CPU
		{FB113E67-BD2D-4FA2-A6E3-F91CE9D28C1B}.Ad-Hoc|iPhoneSimulator.Deploy.0 = Release|Any CPU
		{FB113E67-BD2D-4FA2-A6E3-F91CE9D28C1B}.AppStore|Any CPU.ActiveCfg = Release|Any CPU
		{FB113E67-BD2D-4FA2-A6E3-F91CE9D28C1B}.AppStore|Any CPU.Build.0 = Release|Any CPU
		{FB113E67-BD2D-4FA2-A6E3-F91CE9D28C1B}.AppStore|Any CPU.Deploy.0 = Release|Any CPU
		{FB113E67-BD2D-4FA2-A6E3-F91CE9D28C1B}.AppStore|iPhone.ActiveCfg = Release|Any CPU
		{FB113E67-BD2D-4FA2-A6E3-F91CE9D28C1B}.AppStore|iPhone.Build.0 = Release|Any CPU
		{FB113E67-BD2D-4FA2-A6E3-F91CE9D28C1B}.AppStore|iPhone.Deploy.0 = Release|Any CPU
		{FB113E67-BD2D-4FA2-A6E3-F91CE9D28C1B}.AppStore|iPhoneSimulator.ActiveCfg = Release|Any CPU
		{FB113E67-BD2D-4FA2-A6E3-F91CE9D28C1B}.AppStore|iPhoneSimulator.Build.0 = Release|Any CPU
		{FB113E67-BD2D-4FA2-A6E3-F91CE9D28C1B}.AppStore|iPhoneSimulator.Deploy.0 = Release|Any CPU
		{FB113E67-BD2D-4FA2-A6E3-F91CE9D28C1B}.Debug|Any CPU.ActiveCfg = Debug|Any CPU
		{FB113E67-BD2D-4FA2-A6E3-F91CE9D28C1B}.Debug|Any CPU.Build.0 = Debug|Any CPU
		{FB113E67-BD2D-4FA2-A6E3-F91CE9D28C1B}.Debug|Any CPU.Deploy.0 = Debug|Any CPU
		{FB113E67-BD2D-4FA2-A6E3-F91CE9D28C1B}.Debug|iPhone.ActiveCfg = Debug|Any CPU
		{FB113E67-BD2D-4FA2-A6E3-F91CE9D28C1B}.Debug|iPhone.Build.0 = Debug|Any CPU
		{FB113E67-BD2D-4FA2-A6E3-F91CE9D28C1B}.Debug|iPhone.Deploy.0 = Debug|Any CPU
		{FB113E67-BD2D-4FA2-A6E3-F91CE9D28C1B}.Debug|iPhoneSimulator.ActiveCfg = Debug|Any CPU
		{FB113E67-BD2D-4FA2-A6E3-F91CE9D28C1B}.Debug|iPhoneSimulator.Build.0 = Debug|Any CPU
		{FB113E67-BD2D-4FA2-A6E3-F91CE9D28C1B}.Debug|iPhoneSimulator.Deploy.0 = Debug|Any CPU
		{FB113E67-BD2D-4FA2-A6E3-F91CE9D28C1B}.Release|Any CPU.ActiveCfg = Release|Any CPU
		{FB113E67-BD2D-4FA2-A6E3-F91CE9D28C1B}.Release|Any CPU.Build.0 = Release|Any CPU
		{FB113E67-BD2D-4FA2-A6E3-F91CE9D28C1B}.Release|Any CPU.Deploy.0 = Release|Any CPU
		{FB113E67-BD2D-4FA2-A6E3-F91CE9D28C1B}.Release|iPhone.ActiveCfg = Release|Any CPU
		{FB113E67-BD2D-4FA2-A6E3-F91CE9D28C1B}.Release|iPhone.Build.0 = Release|Any CPU
		{FB113E67-BD2D-4FA2-A6E3-F91CE9D28C1B}.Release|iPhone.Deploy.0 = Release|Any CPU
		{FB113E67-BD2D-4FA2-A6E3-F91CE9D28C1B}.Release|iPhoneSimulator.ActiveCfg = Release|Any CPU
		{FB113E67-BD2D-4FA2-A6E3-F91CE9D28C1B}.Release|iPhoneSimulator.Build.0 = Release|Any CPU
		{FB113E67-BD2D-4FA2-A6E3-F91CE9D28C1B}.Release|iPhoneSimulator.Deploy.0 = Release|Any CPU
		{ACF4B3BD-F8F8-46AA-82A4-7903829AD876}.Ad-Hoc|Any CPU.ActiveCfg = Ad-Hoc|iPhone
		{ACF4B3BD-F8F8-46AA-82A4-7903829AD876}.Ad-Hoc|Any CPU.Build.0 = Ad-Hoc|iPhone
		{ACF4B3BD-F8F8-46AA-82A4-7903829AD876}.Ad-Hoc|Any CPU.Deploy.0 = Ad-Hoc|iPhone
		{ACF4B3BD-F8F8-46AA-82A4-7903829AD876}.Ad-Hoc|iPhone.ActiveCfg = Ad-Hoc|iPhone
		{ACF4B3BD-F8F8-46AA-82A4-7903829AD876}.Ad-Hoc|iPhone.Build.0 = Ad-Hoc|iPhone
		{ACF4B3BD-F8F8-46AA-82A4-7903829AD876}.Ad-Hoc|iPhone.Deploy.0 = Ad-Hoc|iPhone
		{ACF4B3BD-F8F8-46AA-82A4-7903829AD876}.Ad-Hoc|iPhoneSimulator.ActiveCfg = Ad-Hoc|iPhoneSimulator
		{ACF4B3BD-F8F8-46AA-82A4-7903829AD876}.Ad-Hoc|iPhoneSimulator.Build.0 = Ad-Hoc|iPhoneSimulator
		{ACF4B3BD-F8F8-46AA-82A4-7903829AD876}.Ad-Hoc|iPhoneSimulator.Deploy.0 = Ad-Hoc|iPhoneSimulator
		{ACF4B3BD-F8F8-46AA-82A4-7903829AD876}.AppStore|Any CPU.ActiveCfg = AppStore|iPhone
		{ACF4B3BD-F8F8-46AA-82A4-7903829AD876}.AppStore|Any CPU.Build.0 = AppStore|iPhone
		{ACF4B3BD-F8F8-46AA-82A4-7903829AD876}.AppStore|Any CPU.Deploy.0 = AppStore|iPhone
		{ACF4B3BD-F8F8-46AA-82A4-7903829AD876}.AppStore|iPhone.ActiveCfg = AppStore|iPhone
		{ACF4B3BD-F8F8-46AA-82A4-7903829AD876}.AppStore|iPhone.Build.0 = AppStore|iPhone
		{ACF4B3BD-F8F8-46AA-82A4-7903829AD876}.AppStore|iPhone.Deploy.0 = AppStore|iPhone
		{ACF4B3BD-F8F8-46AA-82A4-7903829AD876}.AppStore|iPhoneSimulator.ActiveCfg = AppStore|iPhoneSimulator
		{ACF4B3BD-F8F8-46AA-82A4-7903829AD876}.AppStore|iPhoneSimulator.Build.0 = AppStore|iPhoneSimulator
		{ACF4B3BD-F8F8-46AA-82A4-7903829AD876}.AppStore|iPhoneSimulator.Deploy.0 = AppStore|iPhoneSimulator
		{ACF4B3BD-F8F8-46AA-82A4-7903829AD876}.Debug|Any CPU.ActiveCfg = Debug|iPhoneSimulator
		{ACF4B3BD-F8F8-46AA-82A4-7903829AD876}.Debug|Any CPU.Build.0 = Debug|iPhoneSimulator
		{ACF4B3BD-F8F8-46AA-82A4-7903829AD876}.Debug|Any CPU.Deploy.0 = Debug|iPhoneSimulator
		{ACF4B3BD-F8F8-46AA-82A4-7903829AD876}.Debug|iPhone.ActiveCfg = Debug|iPhone
		{ACF4B3BD-F8F8-46AA-82A4-7903829AD876}.Debug|iPhone.Build.0 = Debug|iPhone
		{ACF4B3BD-F8F8-46AA-82A4-7903829AD876}.Debug|iPhone.Deploy.0 = Debug|iPhone
		{ACF4B3BD-F8F8-46AA-82A4-7903829AD876}.Debug|iPhoneSimulator.ActiveCfg = Debug|iPhoneSimulator
		{ACF4B3BD-F8F8-46AA-82A4-7903829AD876}.Debug|iPhoneSimulator.Build.0 = Debug|iPhoneSimulator
		{ACF4B3BD-F8F8-46AA-82A4-7903829AD876}.Debug|iPhoneSimulator.Deploy.0 = Debug|iPhoneSimulator
		{ACF4B3BD-F8F8-46AA-82A4-7903829AD876}.Release|Any CPU.ActiveCfg = Release|iPhone
		{ACF4B3BD-F8F8-46AA-82A4-7903829AD876}.Release|Any CPU.Build.0 = Release|iPhone
		{ACF4B3BD-F8F8-46AA-82A4-7903829AD876}.Release|Any CPU.Deploy.0 = Release|iPhone
		{ACF4B3BD-F8F8-46AA-82A4-7903829AD876}.Release|iPhone.ActiveCfg = Release|iPhone
		{ACF4B3BD-F8F8-46AA-82A4-7903829AD876}.Release|iPhone.Build.0 = Release|iPhone
		{ACF4B3BD-F8F8-46AA-82A4-7903829AD876}.Release|iPhone.Deploy.0 = Release|iPhone
		{ACF4B3BD-F8F8-46AA-82A4-7903829AD876}.Release|iPhoneSimulator.ActiveCfg = Release|iPhoneSimulator
		{ACF4B3BD-F8F8-46AA-82A4-7903829AD876}.Release|iPhoneSimulator.Build.0 = Release|iPhoneSimulator
		{ACF4B3BD-F8F8-46AA-82A4-7903829AD876}.Release|iPhoneSimulator.Deploy.0 = Release|iPhoneSimulator
		{707A4B50-6B39-4E55-852D-2A96BE8D7C21}.Ad-Hoc|Any CPU.ActiveCfg = Debug|Any CPU
		{707A4B50-6B39-4E55-852D-2A96BE8D7C21}.Ad-Hoc|Any CPU.Build.0 = Debug|Any CPU
		{707A4B50-6B39-4E55-852D-2A96BE8D7C21}.Ad-Hoc|Any CPU.Deploy.0 = Debug|Any CPU
		{707A4B50-6B39-4E55-852D-2A96BE8D7C21}.Ad-Hoc|iPhone.ActiveCfg = Debug|Any CPU
		{707A4B50-6B39-4E55-852D-2A96BE8D7C21}.Ad-Hoc|iPhone.Build.0 = Debug|Any CPU
		{707A4B50-6B39-4E55-852D-2A96BE8D7C21}.Ad-Hoc|iPhone.Deploy.0 = Debug|Any CPU
		{707A4B50-6B39-4E55-852D-2A96BE8D7C21}.Ad-Hoc|iPhoneSimulator.ActiveCfg = Debug|Any CPU
		{707A4B50-6B39-4E55-852D-2A96BE8D7C21}.Ad-Hoc|iPhoneSimulator.Build.0 = Debug|Any CPU
		{707A4B50-6B39-4E55-852D-2A96BE8D7C21}.Ad-Hoc|iPhoneSimulator.Deploy.0 = Debug|Any CPU
		{707A4B50-6B39-4E55-852D-2A96BE8D7C21}.AppStore|Any CPU.ActiveCfg = Debug|Any CPU
		{707A4B50-6B39-4E55-852D-2A96BE8D7C21}.AppStore|Any CPU.Build.0 = Debug|Any CPU
		{707A4B50-6B39-4E55-852D-2A96BE8D7C21}.AppStore|Any CPU.Deploy.0 = Debug|Any CPU
		{707A4B50-6B39-4E55-852D-2A96BE8D7C21}.AppStore|iPhone.ActiveCfg = Debug|Any CPU
		{707A4B50-6B39-4E55-852D-2A96BE8D7C21}.AppStore|iPhone.Build.0 = Debug|Any CPU
		{707A4B50-6B39-4E55-852D-2A96BE8D7C21}.AppStore|iPhone.Deploy.0 = Debug|Any CPU
		{707A4B50-6B39-4E55-852D-2A96BE8D7C21}.AppStore|iPhoneSimulator.ActiveCfg = Debug|Any CPU
		{707A4B50-6B39-4E55-852D-2A96BE8D7C21}.AppStore|iPhoneSimulator.Build.0 = Debug|Any CPU
		{707A4B50-6B39-4E55-852D-2A96BE8D7C21}.AppStore|iPhoneSimulator.Deploy.0 = Debug|Any CPU
		{707A4B50-6B39-4E55-852D-2A96BE8D7C21}.Debug|Any CPU.ActiveCfg = Debug|Any CPU
		{707A4B50-6B39-4E55-852D-2A96BE8D7C21}.Debug|Any CPU.Build.0 = Debug|Any CPU
		{707A4B50-6B39-4E55-852D-2A96BE8D7C21}.Debug|Any CPU.Deploy.0 = Debug|Any CPU
		{707A4B50-6B39-4E55-852D-2A96BE8D7C21}.Debug|iPhone.ActiveCfg = Debug|Any CPU
		{707A4B50-6B39-4E55-852D-2A96BE8D7C21}.Debug|iPhone.Build.0 = Debug|Any CPU
		{707A4B50-6B39-4E55-852D-2A96BE8D7C21}.Debug|iPhone.Deploy.0 = Debug|Any CPU
		{707A4B50-6B39-4E55-852D-2A96BE8D7C21}.Debug|iPhoneSimulator.ActiveCfg = Debug|Any CPU
		{707A4B50-6B39-4E55-852D-2A96BE8D7C21}.Debug|iPhoneSimulator.Build.0 = Debug|Any CPU
		{707A4B50-6B39-4E55-852D-2A96BE8D7C21}.Debug|iPhoneSimulator.Deploy.0 = Debug|Any CPU
		{707A4B50-6B39-4E55-852D-2A96BE8D7C21}.Release|Any CPU.ActiveCfg = Release|Any CPU
		{707A4B50-6B39-4E55-852D-2A96BE8D7C21}.Release|Any CPU.Build.0 = Release|Any CPU
		{707A4B50-6B39-4E55-852D-2A96BE8D7C21}.Release|Any CPU.Deploy.0 = Release|Any CPU
		{707A4B50-6B39-4E55-852D-2A96BE8D7C21}.Release|iPhone.ActiveCfg = Release|Any CPU
		{707A4B50-6B39-4E55-852D-2A96BE8D7C21}.Release|iPhone.Build.0 = Release|Any CPU
		{707A4B50-6B39-4E55-852D-2A96BE8D7C21}.Release|iPhone.Deploy.0 = Release|Any CPU
		{707A4B50-6B39-4E55-852D-2A96BE8D7C21}.Release|iPhoneSimulator.ActiveCfg = Release|Any CPU
		{707A4B50-6B39-4E55-852D-2A96BE8D7C21}.Release|iPhoneSimulator.Build.0 = Release|Any CPU
		{707A4B50-6B39-4E55-852D-2A96BE8D7C21}.Release|iPhoneSimulator.Deploy.0 = Release|Any CPU
	EndGlobalSection
	GlobalSection(SolutionProperties) = preSolution
		HideSolutionNode = FALSE
	EndGlobalSection
	GlobalSection(ExtensibilityGlobals) = postSolution
		SolutionGuid = {4C4AB1FF-4257-488C-85CF-0CFF364D25FE}
	EndGlobalSection
EndGlobal
